// !$*UTF8*$!
{
	archiveVersion = 1;
	classes = {
	};
	objectVersion = 46;
	objects = {

/* Begin PBXBuildFile section */
		4110BDEF18F5802100129F4F /* CFAttachmentViewController.m in Sources */ = {isa = PBXBuildFile; fileRef = 4110BDED18F5802100129F4F /* CFAttachmentViewController.m */; };
		4110BDF018F5802100129F4F /* CFAttachmentViewController.xib in Resources */ = {isa = PBXBuildFile; fileRef = 4110BDEE18F5802100129F4F /* CFAttachmentViewController.xib */; };
		411E102E18DEEC1600CB8BA7 /* CFPasswordViewController.m in Sources */ = {isa = PBXBuildFile; fileRef = 411E102C18DEEC1600CB8BA7 /* CFPasswordViewController.m */; };
		411E102F18DEEC1600CB8BA7 /* CFPasswordViewController.xib in Resources */ = {isa = PBXBuildFile; fileRef = 411E102D18DEEC1600CB8BA7 /* CFPasswordViewController.xib */; };
		4138D19D18D31016001C0382 /* CFHomeViewController.m in Sources */ = {isa = PBXBuildFile; fileRef = 4138D19B18D31016001C0382 /* CFHomeViewController.m */; };
		4138D19E18D31016001C0382 /* CFHomeViewController.xib in Resources */ = {isa = PBXBuildFile; fileRef = 4138D19C18D31016001C0382 /* CFHomeViewController.xib */; };
		414FC10718F2944B0044DF0B /* libTestFlight.a in Frameworks */ = {isa = PBXBuildFile; fileRef = 414FC10118F2944B0044DF0B /* libTestFlight.a */; };
		414FC10818F2944B0044DF0B /* README.md in Resources */ = {isa = PBXBuildFile; fileRef = 414FC10218F2944B0044DF0B /* README.md */; };
		414FC10918F2944B0044DF0B /* release_notes.md in Resources */ = {isa = PBXBuildFile; fileRef = 414FC10318F2944B0044DF0B /* release_notes.md */; };
		414FC10B18F2949D0044DF0B /* libz.dylib in Frameworks */ = {isa = PBXBuildFile; fileRef = 414FC10A18F2949D0044DF0B /* libz.dylib */; };
		41BF0F0E18F4325000836F57 /* CFViewPostController.m in Sources */ = {isa = PBXBuildFile; fileRef = 41BF0F0C18F4325000836F57 /* CFViewPostController.m */; };
		41BF0F0F18F4325000836F57 /* CFViewPostController.xib in Resources */ = {isa = PBXBuildFile; fileRef = 41BF0F0D18F4325000836F57 /* CFViewPostController.xib */; };
		41F43C6018F695BD00A1CEF8 /* File_Profile@2x.png in Resources */ = {isa = PBXBuildFile; fileRef = 41F43C5F18F695BD00A1CEF8 /* File_Profile@2x.png */; };
		41F43C6218F695D300A1CEF8 /* Box_Closed@2x.png in Resources */ = {isa = PBXBuildFile; fileRef = 41F43C6118F695D300A1CEF8 /* Box_Closed@2x.png */; };
		41F43C6418F6974900A1CEF8 /* Pic_iOS@2x.png in Resources */ = {isa = PBXBuildFile; fileRef = 41F43C6318F6974900A1CEF8 /* Pic_iOS@2x.png */; };
		41F43C6618F697B500A1CEF8 /* Venn_Diagram@2x.png in Resources */ = {isa = PBXBuildFile; fileRef = 41F43C6518F697B500A1CEF8 /* Venn_Diagram@2x.png */; };
		41F43C6818F697E900A1CEF8 /* File_Profile.png in Resources */ = {isa = PBXBuildFile; fileRef = 41F43C6718F697E900A1CEF8 /* File_Profile.png */; };
		41F43C6A18F6981900A1CEF8 /* Venn_Diagram.png in Resources */ = {isa = PBXBuildFile; fileRef = 41F43C6918F6981900A1CEF8 /* Venn_Diagram.png */; };
		41F43C6C18F6984600A1CEF8 /* Pic_iOS.png in Resources */ = {isa = PBXBuildFile; fileRef = 41F43C6B18F6984600A1CEF8 /* Pic_iOS.png */; };
		41F43C6E18F6986200A1CEF8 /* Box_Closed.png in Resources */ = {isa = PBXBuildFile; fileRef = 41F43C6D18F6986200A1CEF8 /* Box_Closed.png */; };
		41F5D45818D9D9950084527A /* CFPostViewController.m in Sources */ = {isa = PBXBuildFile; fileRef = 41F5D45618D9D9950084527A /* CFPostViewController.m */; };
		41F5D45918D9D9950084527A /* CFPostViewController.xib in Resources */ = {isa = PBXBuildFile; fileRef = 41F5D45718D9D9950084527A /* CFPostViewController.xib */; };
		41F5D45D18D9E3880084527A /* CFReplyViewController.m in Sources */ = {isa = PBXBuildFile; fileRef = 41F5D45B18D9E3880084527A /* CFReplyViewController.m */; };
		41F5D45E18D9E3880084527A /* CFReplyViewController.xib in Resources */ = {isa = PBXBuildFile; fileRef = 41F5D45C18D9E3880084527A /* CFReplyViewController.xib */; };
		41FC351918C5D29C009CF89A /* Foundation.framework in Frameworks */ = {isa = PBXBuildFile; fileRef = 41FC351818C5D29C009CF89A /* Foundation.framework */; };
		41FC351B18C5D29C009CF89A /* CoreGraphics.framework in Frameworks */ = {isa = PBXBuildFile; fileRef = 41FC351A18C5D29C009CF89A /* CoreGraphics.framework */; };
		41FC351D18C5D29C009CF89A /* UIKit.framework in Frameworks */ = {isa = PBXBuildFile; fileRef = 41FC351C18C5D29C009CF89A /* UIKit.framework */; };
		41FC352318C5D29C009CF89A /* InfoPlist.strings in Resources */ = {isa = PBXBuildFile; fileRef = 41FC352118C5D29C009CF89A /* InfoPlist.strings */; };
		41FC352518C5D29C009CF89A /* main.m in Sources */ = {isa = PBXBuildFile; fileRef = 41FC352418C5D29C009CF89A /* main.m */; };
		41FC352918C5D29C009CF89A /* CFAppDelegate.m in Sources */ = {isa = PBXBuildFile; fileRef = 41FC352818C5D29C009CF89A /* CFAppDelegate.m */; };
		41FC352B18C5D29D009CF89A /* Images.xcassets in Resources */ = {isa = PBXBuildFile; fileRef = 41FC352A18C5D29D009CF89A /* Images.xcassets */; };
		41FC353218C5D29D009CF89A /* XCTest.framework in Frameworks */ = {isa = PBXBuildFile; fileRef = 41FC353118C5D29D009CF89A /* XCTest.framework */; };
		41FC353318C5D29D009CF89A /* Foundation.framework in Frameworks */ = {isa = PBXBuildFile; fileRef = 41FC351818C5D29C009CF89A /* Foundation.framework */; };
		41FC353418C5D29D009CF89A /* UIKit.framework in Frameworks */ = {isa = PBXBuildFile; fileRef = 41FC351C18C5D29C009CF89A /* UIKit.framework */; };
		41FC353C18C5D29D009CF89A /* InfoPlist.strings in Resources */ = {isa = PBXBuildFile; fileRef = 41FC353A18C5D29D009CF89A /* InfoPlist.strings */; };
		41FC353E18C5D29D009CF89A /* CFastTests.m in Sources */ = {isa = PBXBuildFile; fileRef = 41FC353D18C5D29D009CF89A /* CFastTests.m */; };
		41FC354B18C5D3AC009CF89A /* CFLoginViewController.m in Sources */ = {isa = PBXBuildFile; fileRef = 41FC354918C5D3AC009CF89A /* CFLoginViewController.m */; };
		41FC354C18C5D3AC009CF89A /* CFLoginViewController.xib in Resources */ = {isa = PBXBuildFile; fileRef = 41FC354A18C5D3AC009CF89A /* CFLoginViewController.xib */; };
		41FC354E18C5EA9B009CF89A /* logo3.png in Resources */ = {isa = PBXBuildFile; fileRef = 41FC354D18C5EA9B009CF89A /* logo3.png */; };
		41FC355218C5EEE8009CF89A /* CFCategoryViewController.m in Sources */ = {isa = PBXBuildFile; fileRef = 41FC355018C5EEE8009CF89A /* CFCategoryViewController.m */; };
		41FC355318C5EEE8009CF89A /* CFCategoryViewController.xib in Resources */ = {isa = PBXBuildFile; fileRef = 41FC355118C5EEE8009CF89A /* CFCategoryViewController.xib */; };
		41FC355718C5EEF6009CF89A /* CFSelfPostsViewController.m in Sources */ = {isa = PBXBuildFile; fileRef = 41FC355518C5EEF6009CF89A /* CFSelfPostsViewController.m */; };
		41FC355818C5EEF6009CF89A /* CFSelfPostsViewController.xib in Resources */ = {isa = PBXBuildFile; fileRef = 41FC355618C5EEF6009CF89A /* CFSelfPostsViewController.xib */; };
		41FC355C18C5EF3E009CF89A /* CFForumsViewController.m in Sources */ = {isa = PBXBuildFile; fileRef = 41FC355A18C5EF3E009CF89A /* CFForumsViewController.m */; };
		41FC355D18C5EF3E009CF89A /* CFForumsViewController.xib in Resources */ = {isa = PBXBuildFile; fileRef = 41FC355B18C5EF3E009CF89A /* CFForumsViewController.xib */; };
		41FC356118C5F177009CF89A /* CFProfileViewController.m in Sources */ = {isa = PBXBuildFile; fileRef = 41FC355F18C5F177009CF89A /* CFProfileViewController.m */; };
		41FC356218C5F177009CF89A /* CFProfileViewController.xib in Resources */ = {isa = PBXBuildFile; fileRef = 41FC356018C5F177009CF89A /* CFProfileViewController.xib */; };
		81ABAB7363CD4E639B6E3D9D /* libPods.a in Frameworks */ = {isa = PBXBuildFile; fileRef = 96830B23926F40BA861DB61C /* libPods.a */; };
/* End PBXBuildFile section */

/* Begin PBXContainerItemProxy section */
		41FC353518C5D29D009CF89A /* PBXContainerItemProxy */ = {
			isa = PBXContainerItemProxy;
			containerPortal = 41FC350D18C5D29C009CF89A /* Project object */;
			proxyType = 1;
			remoteGlobalIDString = 41FC351418C5D29C009CF89A;
			remoteInfo = CFast;
		};
/* End PBXContainerItemProxy section */

/* Begin PBXFileReference section */
		4110BDEC18F5802100129F4F /* CFAttachmentViewController.h */ = {isa = PBXFileReference; fileEncoding = 4; lastKnownFileType = sourcecode.c.h; path = CFAttachmentViewController.h; sourceTree = "<group>"; };
		4110BDED18F5802100129F4F /* CFAttachmentViewController.m */ = {isa = PBXFileReference; fileEncoding = 4; lastKnownFileType = sourcecode.c.objc; path = CFAttachmentViewController.m; sourceTree = "<group>"; };
		4110BDEE18F5802100129F4F /* CFAttachmentViewController.xib */ = {isa = PBXFileReference; fileEncoding = 4; lastKnownFileType = file.xib; path = CFAttachmentViewController.xib; sourceTree = "<group>"; };
		411E102B18DEEC1600CB8BA7 /* CFPasswordViewController.h */ = {isa = PBXFileReference; fileEncoding = 4; lastKnownFileType = sourcecode.c.h; path = CFPasswordViewController.h; sourceTree = "<group>"; };
		411E102C18DEEC1600CB8BA7 /* CFPasswordViewController.m */ = {isa = PBXFileReference; fileEncoding = 4; lastKnownFileType = sourcecode.c.objc; path = CFPasswordViewController.m; sourceTree = "<group>"; };
		411E102D18DEEC1600CB8BA7 /* CFPasswordViewController.xib */ = {isa = PBXFileReference; fileEncoding = 4; lastKnownFileType = file.xib; path = CFPasswordViewController.xib; sourceTree = "<group>"; };
		4138D19A18D31016001C0382 /* CFHomeViewController.h */ = {isa = PBXFileReference; fileEncoding = 4; lastKnownFileType = sourcecode.c.h; path = CFHomeViewController.h; sourceTree = "<group>"; };
		4138D19B18D31016001C0382 /* CFHomeViewController.m */ = {isa = PBXFileReference; fileEncoding = 4; lastKnownFileType = sourcecode.c.objc; path = CFHomeViewController.m; sourceTree = "<group>"; };
		4138D19C18D31016001C0382 /* CFHomeViewController.xib */ = {isa = PBXFileReference; fileEncoding = 4; lastKnownFileType = file.xib; path = CFHomeViewController.xib; sourceTree = "<group>"; };
		414FC10118F2944B0044DF0B /* libTestFlight.a */ = {isa = PBXFileReference; lastKnownFileType = archive.ar; path = libTestFlight.a; sourceTree = "<group>"; };
		414FC10218F2944B0044DF0B /* README.md */ = {isa = PBXFileReference; fileEncoding = 4; lastKnownFileType = text; path = README.md; sourceTree = "<group>"; };
		414FC10318F2944B0044DF0B /* release_notes.md */ = {isa = PBXFileReference; fileEncoding = 4; lastKnownFileType = text; path = release_notes.md; sourceTree = "<group>"; };
		414FC10418F2944B0044DF0B /* TestFlight+AsyncLogging.h */ = {isa = PBXFileReference; fileEncoding = 4; lastKnownFileType = sourcecode.c.h; path = "TestFlight+AsyncLogging.h"; sourceTree = "<group>"; };
		414FC10518F2944B0044DF0B /* TestFlight+ManualSessions.h */ = {isa = PBXFileReference; fileEncoding = 4; lastKnownFileType = sourcecode.c.h; path = "TestFlight+ManualSessions.h"; sourceTree = "<group>"; };
		414FC10618F2944B0044DF0B /* TestFlight.h */ = {isa = PBXFileReference; fileEncoding = 4; lastKnownFileType = sourcecode.c.h; path = TestFlight.h; sourceTree = "<group>"; };
		414FC10A18F2949D0044DF0B /* libz.dylib */ = {isa = PBXFileReference; lastKnownFileType = "compiled.mach-o.dylib"; name = libz.dylib; path = usr/lib/libz.dylib; sourceTree = SDKROOT; };
		41BF0F0B18F4325000836F57 /* CFViewPostController.h */ = {isa = PBXFileReference; fileEncoding = 4; lastKnownFileType = sourcecode.c.h; path = CFViewPostController.h; sourceTree = "<group>"; };
		41BF0F0C18F4325000836F57 /* CFViewPostController.m */ = {isa = PBXFileReference; fileEncoding = 4; lastKnownFileType = sourcecode.c.objc; path = CFViewPostController.m; sourceTree = "<group>"; };
		41BF0F0D18F4325000836F57 /* CFViewPostController.xib */ = {isa = PBXFileReference; fileEncoding = 4; lastKnownFileType = file.xib; path = CFViewPostController.xib; sourceTree = "<group>"; };
		41F43C5F18F695BD00A1CEF8 /* File_Profile@2x.png */ = {isa = PBXFileReference; lastKnownFileType = image.png; path = "File_Profile@2x.png"; sourceTree = "<group>"; };
		41F43C6118F695D300A1CEF8 /* Box_Closed@2x.png */ = {isa = PBXFileReference; lastKnownFileType = image.png; path = "Box_Closed@2x.png"; sourceTree = "<group>"; };
		41F43C6318F6974900A1CEF8 /* Pic_iOS@2x.png */ = {isa = PBXFileReference; lastKnownFileType = image.png; path = "Pic_iOS@2x.png"; sourceTree = "<group>"; };
		41F43C6518F697B500A1CEF8 /* Venn_Diagram@2x.png */ = {isa = PBXFileReference; lastKnownFileType = image.png; path = "Venn_Diagram@2x.png"; sourceTree = "<group>"; };
		41F43C6718F697E900A1CEF8 /* File_Profile.png */ = {isa = PBXFileReference; lastKnownFileType = image.png; path = File_Profile.png; sourceTree = "<group>"; };
		41F43C6918F6981900A1CEF8 /* Venn_Diagram.png */ = {isa = PBXFileReference; lastKnownFileType = image.png; path = Venn_Diagram.png; sourceTree = "<group>"; };
		41F43C6B18F6984600A1CEF8 /* Pic_iOS.png */ = {isa = PBXFileReference; lastKnownFileType = image.png; path = Pic_iOS.png; sourceTree = "<group>"; };
		41F43C6D18F6986200A1CEF8 /* Box_Closed.png */ = {isa = PBXFileReference; lastKnownFileType = image.png; path = Box_Closed.png; sourceTree = "<group>"; };
		41F5D45518D9D9950084527A /* CFPostViewController.h */ = {isa = PBXFileReference; fileEncoding = 4; lastKnownFileType = sourcecode.c.h; path = CFPostViewController.h; sourceTree = "<group>"; };
		41F5D45618D9D9950084527A /* CFPostViewController.m */ = {isa = PBXFileReference; fileEncoding = 4; lastKnownFileType = sourcecode.c.objc; path = CFPostViewController.m; sourceTree = "<group>"; };
		41F5D45718D9D9950084527A /* CFPostViewController.xib */ = {isa = PBXFileReference; fileEncoding = 4; lastKnownFileType = file.xib; path = CFPostViewController.xib; sourceTree = "<group>"; };
		41F5D45A18D9E3880084527A /* CFReplyViewController.h */ = {isa = PBXFileReference; fileEncoding = 4; lastKnownFileType = sourcecode.c.h; path = CFReplyViewController.h; sourceTree = "<group>"; };
		41F5D45B18D9E3880084527A /* CFReplyViewController.m */ = {isa = PBXFileReference; fileEncoding = 4; lastKnownFileType = sourcecode.c.objc; path = CFReplyViewController.m; sourceTree = "<group>"; };
		41F5D45C18D9E3880084527A /* CFReplyViewController.xib */ = {isa = PBXFileReference; fileEncoding = 4; lastKnownFileType = file.xib; path = CFReplyViewController.xib; sourceTree = "<group>"; };
		41FC351518C5D29C009CF89A /* CFast.app */ = {isa = PBXFileReference; explicitFileType = wrapper.application; includeInIndex = 0; path = CFast.app; sourceTree = BUILT_PRODUCTS_DIR; };
		41FC351818C5D29C009CF89A /* Foundation.framework */ = {isa = PBXFileReference; lastKnownFileType = wrapper.framework; name = Foundation.framework; path = System/Library/Frameworks/Foundation.framework; sourceTree = SDKROOT; };
		41FC351A18C5D29C009CF89A /* CoreGraphics.framework */ = {isa = PBXFileReference; lastKnownFileType = wrapper.framework; name = CoreGraphics.framework; path = System/Library/Frameworks/CoreGraphics.framework; sourceTree = SDKROOT; };
		41FC351C18C5D29C009CF89A /* UIKit.framework */ = {isa = PBXFileReference; lastKnownFileType = wrapper.framework; name = UIKit.framework; path = System/Library/Frameworks/UIKit.framework; sourceTree = SDKROOT; };
		41FC352018C5D29C009CF89A /* CFast-Info.plist */ = {isa = PBXFileReference; lastKnownFileType = text.plist.xml; path = "CFast-Info.plist"; sourceTree = "<group>"; };
		41FC352218C5D29C009CF89A /* en */ = {isa = PBXFileReference; lastKnownFileType = text.plist.strings; name = en; path = en.lproj/InfoPlist.strings; sourceTree = "<group>"; };
		41FC352418C5D29C009CF89A /* main.m */ = {isa = PBXFileReference; lastKnownFileType = sourcecode.c.objc; path = main.m; sourceTree = "<group>"; };
		41FC352618C5D29C009CF89A /* CFast-Prefix.pch */ = {isa = PBXFileReference; lastKnownFileType = sourcecode.c.h; path = "CFast-Prefix.pch"; sourceTree = "<group>"; };
		41FC352718C5D29C009CF89A /* CFAppDelegate.h */ = {isa = PBXFileReference; lastKnownFileType = sourcecode.c.h; path = CFAppDelegate.h; sourceTree = "<group>"; };
		41FC352818C5D29C009CF89A /* CFAppDelegate.m */ = {isa = PBXFileReference; lastKnownFileType = sourcecode.c.objc; path = CFAppDelegate.m; sourceTree = "<group>"; };
		41FC352A18C5D29D009CF89A /* Images.xcassets */ = {isa = PBXFileReference; lastKnownFileType = folder.assetcatalog; path = Images.xcassets; sourceTree = "<group>"; };
		41FC353018C5D29D009CF89A /* CFastTests.xctest */ = {isa = PBXFileReference; explicitFileType = wrapper.cfbundle; includeInIndex = 0; path = CFastTests.xctest; sourceTree = BUILT_PRODUCTS_DIR; };
		41FC353118C5D29D009CF89A /* XCTest.framework */ = {isa = PBXFileReference; lastKnownFileType = wrapper.framework; name = XCTest.framework; path = Library/Frameworks/XCTest.framework; sourceTree = DEVELOPER_DIR; };
		41FC353918C5D29D009CF89A /* CFastTests-Info.plist */ = {isa = PBXFileReference; lastKnownFileType = text.plist.xml; path = "CFastTests-Info.plist"; sourceTree = "<group>"; };
		41FC353B18C5D29D009CF89A /* en */ = {isa = PBXFileReference; lastKnownFileType = text.plist.strings; name = en; path = en.lproj/InfoPlist.strings; sourceTree = "<group>"; };
		41FC353D18C5D29D009CF89A /* CFastTests.m */ = {isa = PBXFileReference; lastKnownFileType = sourcecode.c.objc; path = CFastTests.m; sourceTree = "<group>"; };
		41FC354818C5D3AC009CF89A /* CFLoginViewController.h */ = {isa = PBXFileReference; fileEncoding = 4; lastKnownFileType = sourcecode.c.h; path = CFLoginViewController.h; sourceTree = "<group>"; };
		41FC354918C5D3AC009CF89A /* CFLoginViewController.m */ = {isa = PBXFileReference; fileEncoding = 4; lastKnownFileType = sourcecode.c.objc; path = CFLoginViewController.m; sourceTree = "<group>"; };
		41FC354A18C5D3AC009CF89A /* CFLoginViewController.xib */ = {isa = PBXFileReference; fileEncoding = 4; lastKnownFileType = file.xib; path = CFLoginViewController.xib; sourceTree = "<group>"; };
		41FC354D18C5EA9B009CF89A /* logo3.png */ = {isa = PBXFileReference; lastKnownFileType = image.png; path = logo3.png; sourceTree = "<group>"; };
		41FC354F18C5EEE8009CF89A /* CFCategoryViewController.h */ = {isa = PBXFileReference; fileEncoding = 4; lastKnownFileType = sourcecode.c.h; path = CFCategoryViewController.h; sourceTree = "<group>"; };
		41FC355018C5EEE8009CF89A /* CFCategoryViewController.m */ = {isa = PBXFileReference; fileEncoding = 4; lastKnownFileType = sourcecode.c.objc; path = CFCategoryViewController.m; sourceTree = "<group>"; };
		41FC355118C5EEE8009CF89A /* CFCategoryViewController.xib */ = {isa = PBXFileReference; fileEncoding = 4; lastKnownFileType = file.xib; path = CFCategoryViewController.xib; sourceTree = "<group>"; };
		41FC355418C5EEF6009CF89A /* CFSelfPostsViewController.h */ = {isa = PBXFileReference; fileEncoding = 4; lastKnownFileType = sourcecode.c.h; path = CFSelfPostsViewController.h; sourceTree = "<group>"; };
		41FC355518C5EEF6009CF89A /* CFSelfPostsViewController.m */ = {isa = PBXFileReference; fileEncoding = 4; lastKnownFileType = sourcecode.c.objc; path = CFSelfPostsViewController.m; sourceTree = "<group>"; };
		41FC355618C5EEF6009CF89A /* CFSelfPostsViewController.xib */ = {isa = PBXFileReference; fileEncoding = 4; lastKnownFileType = file.xib; path = CFSelfPostsViewController.xib; sourceTree = "<group>"; };
		41FC355918C5EF3E009CF89A /* CFForumsViewController.h */ = {isa = PBXFileReference; fileEncoding = 4; lastKnownFileType = sourcecode.c.h; path = CFForumsViewController.h; sourceTree = "<group>"; };
		41FC355A18C5EF3E009CF89A /* CFForumsViewController.m */ = {isa = PBXFileReference; fileEncoding = 4; lastKnownFileType = sourcecode.c.objc; path = CFForumsViewController.m; sourceTree = "<group>"; };
		41FC355B18C5EF3E009CF89A /* CFForumsViewController.xib */ = {isa = PBXFileReference; fileEncoding = 4; lastKnownFileType = file.xib; path = CFForumsViewController.xib; sourceTree = "<group>"; };
		41FC355E18C5F177009CF89A /* CFProfileViewController.h */ = {isa = PBXFileReference; fileEncoding = 4; lastKnownFileType = sourcecode.c.h; path = CFProfileViewController.h; sourceTree = "<group>"; };
		41FC355F18C5F177009CF89A /* CFProfileViewController.m */ = {isa = PBXFileReference; fileEncoding = 4; lastKnownFileType = sourcecode.c.objc; path = CFProfileViewController.m; sourceTree = "<group>"; };
		41FC356018C5F177009CF89A /* CFProfileViewController.xib */ = {isa = PBXFileReference; fileEncoding = 4; lastKnownFileType = file.xib; path = CFProfileViewController.xib; sourceTree = "<group>"; };
		67E8421192A842C2A4881232 /* Pods.xcconfig */ = {isa = PBXFileReference; includeInIndex = 1; lastKnownFileType = text.xcconfig; name = Pods.xcconfig; path = Pods/Pods.xcconfig; sourceTree = "<group>"; };
		96830B23926F40BA861DB61C /* libPods.a */ = {isa = PBXFileReference; explicitFileType = archive.ar; includeInIndex = 0; path = libPods.a; sourceTree = BUILT_PRODUCTS_DIR; };
/* End PBXFileReference section */

/* Begin PBXFrameworksBuildPhase section */
		41FC351218C5D29C009CF89A /* Frameworks */ = {
			isa = PBXFrameworksBuildPhase;
			buildActionMask = 2147483647;
			files = (
				414FC10B18F2949D0044DF0B /* libz.dylib in Frameworks */,
				414FC10718F2944B0044DF0B /* libTestFlight.a in Frameworks */,
				41FC351B18C5D29C009CF89A /* CoreGraphics.framework in Frameworks */,
				41FC351D18C5D29C009CF89A /* UIKit.framework in Frameworks */,
				41FC351918C5D29C009CF89A /* Foundation.framework in Frameworks */,
				81ABAB7363CD4E639B6E3D9D /* libPods.a in Frameworks */,
			);
			runOnlyForDeploymentPostprocessing = 0;
		};
		41FC352D18C5D29D009CF89A /* Frameworks */ = {
			isa = PBXFrameworksBuildPhase;
			buildActionMask = 2147483647;
			files = (
				41FC353218C5D29D009CF89A /* XCTest.framework in Frameworks */,
				41FC353418C5D29D009CF89A /* UIKit.framework in Frameworks */,
				41FC353318C5D29D009CF89A /* Foundation.framework in Frameworks */,
			);
			runOnlyForDeploymentPostprocessing = 0;
		};
/* End PBXFrameworksBuildPhase section */

/* Begin PBXGroup section */
		414FC10018F2944B0044DF0B /* TestFlightSDK3.0.0 */ = {
			isa = PBXGroup;
			children = (
				414FC10118F2944B0044DF0B /* libTestFlight.a */,
				414FC10218F2944B0044DF0B /* README.md */,
				414FC10318F2944B0044DF0B /* release_notes.md */,
				414FC10418F2944B0044DF0B /* TestFlight+AsyncLogging.h */,
				414FC10518F2944B0044DF0B /* TestFlight+ManualSessions.h */,
				414FC10618F2944B0044DF0B /* TestFlight.h */,
			);
			path = TestFlightSDK3.0.0;
			sourceTree = "<group>";
		};
		41FC350C18C5D29C009CF89A = {
			isa = PBXGroup;
			children = (
				41FC351E18C5D29C009CF89A /* CFast */,
				41FC353718C5D29D009CF89A /* CFastTests */,
				41FC351718C5D29C009CF89A /* Frameworks */,
				41FC351618C5D29C009CF89A /* Products */,
				67E8421192A842C2A4881232 /* Pods.xcconfig */,
			);
			sourceTree = "<group>";
		};
		41FC351618C5D29C009CF89A /* Products */ = {
			isa = PBXGroup;
			children = (
				41FC351518C5D29C009CF89A /* CFast.app */,
				41FC353018C5D29D009CF89A /* CFastTests.xctest */,
			);
			name = Products;
			sourceTree = "<group>";
		};
		41FC351718C5D29C009CF89A /* Frameworks */ = {
			isa = PBXGroup;
			children = (
				414FC10A18F2949D0044DF0B /* libz.dylib */,
				414FC10018F2944B0044DF0B /* TestFlightSDK3.0.0 */,
				41FC351818C5D29C009CF89A /* Foundation.framework */,
				41FC351A18C5D29C009CF89A /* CoreGraphics.framework */,
				41FC351C18C5D29C009CF89A /* UIKit.framework */,
				41FC353118C5D29D009CF89A /* XCTest.framework */,
				96830B23926F40BA861DB61C /* libPods.a */,
			);
			name = Frameworks;
			sourceTree = "<group>";
		};
		41FC351E18C5D29C009CF89A /* CFast */ = {
			isa = PBXGroup;
			children = (
				41F43C5F18F695BD00A1CEF8 /* File_Profile@2x.png */,
				41F43C6718F697E900A1CEF8 /* File_Profile.png */,
				41F43C6518F697B500A1CEF8 /* Venn_Diagram@2x.png */,
				41F43C6918F6981900A1CEF8 /* Venn_Diagram.png */,
				41F43C6318F6974900A1CEF8 /* Pic_iOS@2x.png */,
				41F43C6B18F6984600A1CEF8 /* Pic_iOS.png */,
				41F43C6118F695D300A1CEF8 /* Box_Closed@2x.png */,
				41F43C6D18F6986200A1CEF8 /* Box_Closed.png */,
				41FC354D18C5EA9B009CF89A /* logo3.png */,
				41FC354718C5D394009CF89A /* ViewControllers */,
				41FC352718C5D29C009CF89A /* CFAppDelegate.h */,
				41FC352818C5D29C009CF89A /* CFAppDelegate.m */,
				41FC352A18C5D29D009CF89A /* Images.xcassets */,
				41FC351F18C5D29C009CF89A /* Supporting Files */,
			);
			path = CFast;
			sourceTree = "<group>";
		};
		41FC351F18C5D29C009CF89A /* Supporting Files */ = {
			isa = PBXGroup;
			children = (
				41FC352018C5D29C009CF89A /* CFast-Info.plist */,
				41FC352118C5D29C009CF89A /* InfoPlist.strings */,
				41FC352418C5D29C009CF89A /* main.m */,
				41FC352618C5D29C009CF89A /* CFast-Prefix.pch */,
			);
			name = "Supporting Files";
			sourceTree = "<group>";
		};
		41FC353718C5D29D009CF89A /* CFastTests */ = {
			isa = PBXGroup;
			children = (
				41FC353D18C5D29D009CF89A /* CFastTests.m */,
				41FC353818C5D29D009CF89A /* Supporting Files */,
			);
			path = CFastTests;
			sourceTree = "<group>";
		};
		41FC353818C5D29D009CF89A /* Supporting Files */ = {
			isa = PBXGroup;
			children = (
				41FC353918C5D29D009CF89A /* CFastTests-Info.plist */,
				41FC353A18C5D29D009CF89A /* InfoPlist.strings */,
			);
			name = "Supporting Files";
			sourceTree = "<group>";
		};
		41FC354718C5D394009CF89A /* ViewControllers */ = {
			isa = PBXGroup;
			children = (
				41FC354818C5D3AC009CF89A /* CFLoginViewController.h */,
				41FC354918C5D3AC009CF89A /* CFLoginViewController.m */,
				41FC354A18C5D3AC009CF89A /* CFLoginViewController.xib */,
				41FC354F18C5EEE8009CF89A /* CFCategoryViewController.h */,
				41FC355018C5EEE8009CF89A /* CFCategoryViewController.m */,
				41FC355118C5EEE8009CF89A /* CFCategoryViewController.xib */,
				41FC355418C5EEF6009CF89A /* CFSelfPostsViewController.h */,
				41FC355518C5EEF6009CF89A /* CFSelfPostsViewController.m */,
				41FC355618C5EEF6009CF89A /* CFSelfPostsViewController.xib */,
				41FC355918C5EF3E009CF89A /* CFForumsViewController.h */,
				41FC355A18C5EF3E009CF89A /* CFForumsViewController.m */,
				41FC355B18C5EF3E009CF89A /* CFForumsViewController.xib */,
				41FC355E18C5F177009CF89A /* CFProfileViewController.h */,
				41FC355F18C5F177009CF89A /* CFProfileViewController.m */,
				41FC356018C5F177009CF89A /* CFProfileViewController.xib */,
				4138D19A18D31016001C0382 /* CFHomeViewController.h */,
				4138D19B18D31016001C0382 /* CFHomeViewController.m */,
				4138D19C18D31016001C0382 /* CFHomeViewController.xib */,
				41F5D45518D9D9950084527A /* CFPostViewController.h */,
				41F5D45618D9D9950084527A /* CFPostViewController.m */,
				41F5D45718D9D9950084527A /* CFPostViewController.xib */,
				41F5D45A18D9E3880084527A /* CFReplyViewController.h */,
				41F5D45B18D9E3880084527A /* CFReplyViewController.m */,
				41F5D45C18D9E3880084527A /* CFReplyViewController.xib */,
				411E102B18DEEC1600CB8BA7 /* CFPasswordViewController.h */,
				411E102C18DEEC1600CB8BA7 /* CFPasswordViewController.m */,
				411E102D18DEEC1600CB8BA7 /* CFPasswordViewController.xib */,
				41BF0F0B18F4325000836F57 /* CFViewPostController.h */,
				41BF0F0C18F4325000836F57 /* CFViewPostController.m */,
				41BF0F0D18F4325000836F57 /* CFViewPostController.xib */,
				4110BDEC18F5802100129F4F /* CFAttachmentViewController.h */,
				4110BDED18F5802100129F4F /* CFAttachmentViewController.m */,
				4110BDEE18F5802100129F4F /* CFAttachmentViewController.xib */,
			);
			name = ViewControllers;
			sourceTree = "<group>";
		};
/* End PBXGroup section */

/* Begin PBXNativeTarget section */
		41FC351418C5D29C009CF89A /* CFast */ = {
			isa = PBXNativeTarget;
			buildConfigurationList = 41FC354118C5D29D009CF89A /* Build configuration list for PBXNativeTarget "CFast" */;
			buildPhases = (
				D1962C5530AA41AFBE2317F1 /* Check Pods Manifest.lock */,
				41FC351118C5D29C009CF89A /* Sources */,
				41FC351218C5D29C009CF89A /* Frameworks */,
				41FC351318C5D29C009CF89A /* Resources */,
				DD851B2406C14755ADBC1E33 /* Copy Pods Resources */,
			);
			buildRules = (
			);
			dependencies = (
			);
			name = CFast;
			productName = CFast;
			productReference = 41FC351518C5D29C009CF89A /* CFast.app */;
			productType = "com.apple.product-type.application";
		};
		41FC352F18C5D29D009CF89A /* CFastTests */ = {
			isa = PBXNativeTarget;
			buildConfigurationList = 41FC354418C5D29D009CF89A /* Build configuration list for PBXNativeTarget "CFastTests" */;
			buildPhases = (
				41FC352C18C5D29D009CF89A /* Sources */,
				41FC352D18C5D29D009CF89A /* Frameworks */,
				41FC352E18C5D29D009CF89A /* Resources */,
			);
			buildRules = (
			);
			dependencies = (
				41FC353618C5D29D009CF89A /* PBXTargetDependency */,
			);
			name = CFastTests;
			productName = CFastTests;
			productReference = 41FC353018C5D29D009CF89A /* CFastTests.xctest */;
			productType = "com.apple.product-type.bundle.unit-test";
		};
/* End PBXNativeTarget section */

/* Begin PBXProject section */
		41FC350D18C5D29C009CF89A /* Project object */ = {
			isa = PBXProject;
			attributes = {
				CLASSPREFIX = CF;
				LastUpgradeCheck = 0510;
				ORGANIZATIONNAME = "Welltime Ltd.";
				TargetAttributes = {
					41FC352F18C5D29D009CF89A = {
						TestTargetID = 41FC351418C5D29C009CF89A;
					};
				};
			};
			buildConfigurationList = 41FC351018C5D29C009CF89A /* Build configuration list for PBXProject "CFast" */;
			compatibilityVersion = "Xcode 3.2";
			developmentRegion = English;
			hasScannedForEncodings = 0;
			knownRegions = (
				en,
			);
			mainGroup = 41FC350C18C5D29C009CF89A;
			productRefGroup = 41FC351618C5D29C009CF89A /* Products */;
			projectDirPath = "";
			projectRoot = "";
			targets = (
				41FC351418C5D29C009CF89A /* CFast */,
				41FC352F18C5D29D009CF89A /* CFastTests */,
			);
		};
/* End PBXProject section */

/* Begin PBXResourcesBuildPhase section */
		41FC351318C5D29C009CF89A /* Resources */ = {
			isa = PBXResourcesBuildPhase;
			buildActionMask = 2147483647;
			files = (
				4110BDF018F5802100129F4F /* CFAttachmentViewController.xib in Resources */,
				41FC354E18C5EA9B009CF89A /* logo3.png in Resources */,
				41FC355D18C5EF3E009CF89A /* CFForumsViewController.xib in Resources */,
				41FC355818C5EEF6009CF89A /* CFSelfPostsViewController.xib in Resources */,
				41F43C6C18F6984600A1CEF8 /* Pic_iOS.png in Resources */,
				41F43C6018F695BD00A1CEF8 /* File_Profile@2x.png in Resources */,
				41FC355318C5EEE8009CF89A /* CFCategoryViewController.xib in Resources */,
				41F43C6818F697E900A1CEF8 /* File_Profile.png in Resources */,
				41BF0F0F18F4325000836F57 /* CFViewPostController.xib in Resources */,
				414FC10918F2944B0044DF0B /* release_notes.md in Resources */,
				414FC10818F2944B0044DF0B /* README.md in Resources */,
				411E102F18DEEC1600CB8BA7 /* CFPasswordViewController.xib in Resources */,
				41FC352318C5D29C009CF89A /* InfoPlist.strings in Resources */,
				41FC356218C5F177009CF89A /* CFProfileViewController.xib in Resources */,
				41F43C6218F695D300A1CEF8 /* Box_Closed@2x.png in Resources */,
				41F43C6418F6974900A1CEF8 /* Pic_iOS@2x.png in Resources */,
				41FC354C18C5D3AC009CF89A /* CFLoginViewController.xib in Resources */,
				41F43C6618F697B500A1CEF8 /* Venn_Diagram@2x.png in Resources */,
				4138D19E18D31016001C0382 /* CFHomeViewController.xib in Resources */,
				41F43C6E18F6986200A1CEF8 /* Box_Closed.png in Resources */,
				41FC352B18C5D29D009CF89A /* Images.xcassets in Resources */,
				41F5D45E18D9E3880084527A /* CFReplyViewController.xib in Resources */,
				41F43C6A18F6981900A1CEF8 /* Venn_Diagram.png in Resources */,
				41F5D45918D9D9950084527A /* CFPostViewController.xib in Resources */,
			);
			runOnlyForDeploymentPostprocessing = 0;
		};
		41FC352E18C5D29D009CF89A /* Resources */ = {
			isa = PBXResourcesBuildPhase;
			buildActionMask = 2147483647;
			files = (
				41FC353C18C5D29D009CF89A /* InfoPlist.strings in Resources */,
			);
			runOnlyForDeploymentPostprocessing = 0;
		};
/* End PBXResourcesBuildPhase section */

/* Begin PBXShellScriptBuildPhase section */
		D1962C5530AA41AFBE2317F1 /* Check Pods Manifest.lock */ = {
			isa = PBXShellScriptBuildPhase;
			buildActionMask = 2147483647;
			files = (
			);
			inputPaths = (
			);
			name = "Check Pods Manifest.lock";
			outputPaths = (
			);
			runOnlyForDeploymentPostprocessing = 0;
			shellPath = /bin/sh;
			shellScript = "diff \"${PODS_ROOT}/../Podfile.lock\" \"${PODS_ROOT}/Manifest.lock\" > /dev/null\nif [[ $? != 0 ]] ; then\n    cat << EOM\nerror: The sandbox is not in sync with the Podfile.lock. Run 'pod install' or update your CocoaPods installation.\nEOM\n    exit 1\nfi\n";
			showEnvVarsInLog = 0;
		};
		DD851B2406C14755ADBC1E33 /* Copy Pods Resources */ = {
			isa = PBXShellScriptBuildPhase;
			buildActionMask = 2147483647;
			files = (
			);
			inputPaths = (
			);
			name = "Copy Pods Resources";
			outputPaths = (
			);
			runOnlyForDeploymentPostprocessing = 0;
			shellPath = /bin/sh;
			shellScript = "\"${SRCROOT}/Pods/Pods-resources.sh\"\n";
			showEnvVarsInLog = 0;
		};
/* End PBXShellScriptBuildPhase section */

/* Begin PBXSourcesBuildPhase section */
		41FC351118C5D29C009CF89A /* Sources */ = {
			isa = PBXSourcesBuildPhase;
			buildActionMask = 2147483647;
			files = (
				41FC355718C5EEF6009CF89A /* CFSelfPostsViewController.m in Sources */,
				41FC355C18C5EF3E009CF89A /* CFForumsViewController.m in Sources */,
				4138D19D18D31016001C0382 /* CFHomeViewController.m in Sources */,
				41BF0F0E18F4325000836F57 /* CFViewPostController.m in Sources */,
				41FC354B18C5D3AC009CF89A /* CFLoginViewController.m in Sources */,
				41F5D45D18D9E3880084527A /* CFReplyViewController.m in Sources */,
				4110BDEF18F5802100129F4F /* CFAttachmentViewController.m in Sources */,
				41FC352518C5D29C009CF89A /* main.m in Sources */,
				41F5D45818D9D9950084527A /* CFPostViewController.m in Sources */,
				411E102E18DEEC1600CB8BA7 /* CFPasswordViewController.m in Sources */,
				41FC352918C5D29C009CF89A /* CFAppDelegate.m in Sources */,
				41FC355218C5EEE8009CF89A /* CFCategoryViewController.m in Sources */,
				41FC356118C5F177009CF89A /* CFProfileViewController.m in Sources */,
			);
			runOnlyForDeploymentPostprocessing = 0;
		};
		41FC352C18C5D29D009CF89A /* Sources */ = {
			isa = PBXSourcesBuildPhase;
			buildActionMask = 2147483647;
			files = (
				41FC353E18C5D29D009CF89A /* CFastTests.m in Sources */,
			);
			runOnlyForDeploymentPostprocessing = 0;
		};
/* End PBXSourcesBuildPhase section */

/* Begin PBXTargetDependency section */
		41FC353618C5D29D009CF89A /* PBXTargetDependency */ = {
			isa = PBXTargetDependency;
			target = 41FC351418C5D29C009CF89A /* CFast */;
			targetProxy = 41FC353518C5D29D009CF89A /* PBXContainerItemProxy */;
		};
/* End PBXTargetDependency section */

/* Begin PBXVariantGroup section */
		41FC352118C5D29C009CF89A /* InfoPlist.strings */ = {
			isa = PBXVariantGroup;
			children = (
				41FC352218C5D29C009CF89A /* en */,
			);
			name = InfoPlist.strings;
			sourceTree = "<group>";
		};
		41FC353A18C5D29D009CF89A /* InfoPlist.strings */ = {
			isa = PBXVariantGroup;
			children = (
				41FC353B18C5D29D009CF89A /* en */,
			);
			name = InfoPlist.strings;
			sourceTree = "<group>";
		};
/* End PBXVariantGroup section */

/* Begin XCBuildConfiguration section */
		4133401018F28321000A9CA9 /* Distrubution */ = {
			isa = XCBuildConfiguration;
			buildSettings = {
				ALWAYS_SEARCH_USER_PATHS = NO;
				CLANG_CXX_LANGUAGE_STANDARD = "gnu++0x";
				CLANG_CXX_LIBRARY = "libc++";
				CLANG_ENABLE_MODULES = YES;
				CLANG_ENABLE_OBJC_ARC = YES;
				CLANG_WARN_BOOL_CONVERSION = YES;
				CLANG_WARN_CONSTANT_CONVERSION = YES;
				CLANG_WARN_DIRECT_OBJC_ISA_USAGE = YES_ERROR;
				CLANG_WARN_EMPTY_BODY = YES;
				CLANG_WARN_ENUM_CONVERSION = YES;
				CLANG_WARN_INT_CONVERSION = YES;
				CLANG_WARN_OBJC_ROOT_CLASS = YES_ERROR;
				CLANG_WARN__DUPLICATE_METHOD_MATCH = YES;
				CODE_SIGN_IDENTITY = "iPhone Distribution";
				"CODE_SIGN_IDENTITY[sdk=iphoneos*]" = "iPhone Distribution: Welltime Ltd. (M7FD65CYM8)";
				COPY_PHASE_STRIP = YES;
				ENABLE_NS_ASSERTIONS = NO;
				GCC_C_LANGUAGE_STANDARD = gnu99;
				GCC_WARN_64_TO_32_BIT_CONVERSION = YES;
				GCC_WARN_ABOUT_RETURN_TYPE = YES_ERROR;
				GCC_WARN_UNDECLARED_SELECTOR = YES;
				GCC_WARN_UNINITIALIZED_AUTOS = YES;
				GCC_WARN_UNUSED_FUNCTION = YES;
				GCC_WARN_UNUSED_VARIABLE = YES;
				IPHONEOS_DEPLOYMENT_TARGET = 7.0;
				PROVISIONING_PROFILE = "";
				SDKROOT = iphoneos;
				VALIDATE_PRODUCT = YES;
			};
			name = Distrubution;
		};
		4133401118F28321000A9CA9 /* Distrubution */ = {
			isa = XCBuildConfiguration;
			baseConfigurationReference = 67E8421192A842C2A4881232 /* Pods.xcconfig */;
			buildSettings = {
				ASSETCATALOG_COMPILER_APPICON_NAME = AppIcon;
				ASSETCATALOG_COMPILER_LAUNCHIMAGE_NAME = LaunchImage;
				GCC_PRECOMPILE_PREFIX_HEADER = YES;
				GCC_PREFIX_HEADER = "CFast/CFast-Prefix.pch";
				INFOPLIST_FILE = "CFast/CFast-Info.plist";
				LIBRARY_SEARCH_PATHS = (
					"$(inherited)",
					"$(PROJECT_DIR)/TestFlightSDK3.0.0",
				);
				PRODUCT_NAME = "$(TARGET_NAME)";
				WRAPPER_EXTENSION = app;
			};
			name = Distrubution;
		};
		4133401218F28321000A9CA9 /* Distrubution */ = {
			isa = XCBuildConfiguration;
			buildSettings = {
				BUNDLE_LOADER = "$(BUILT_PRODUCTS_DIR)/CFast.app/CFast";
				FRAMEWORK_SEARCH_PATHS = (
					"$(SDKROOT)/Developer/Library/Frameworks",
					"$(inherited)",
					"$(DEVELOPER_FRAMEWORKS_DIR)",
				);
				GCC_PRECOMPILE_PREFIX_HEADER = YES;
				GCC_PREFIX_HEADER = "CFast/CFast-Prefix.pch";
				INFOPLIST_FILE = "CFastTests/CFastTests-Info.plist";
				PRODUCT_NAME = "$(TARGET_NAME)";
				TEST_HOST = "$(BUNDLE_LOADER)";
				WRAPPER_EXTENSION = xctest;
			};
			name = Distrubution;
		};
		41FC353F18C5D29D009CF89A /* Debug */ = {
			isa = XCBuildConfiguration;
			buildSettings = {
				ALWAYS_SEARCH_USER_PATHS = NO;
				CLANG_CXX_LANGUAGE_STANDARD = "gnu++0x";
				CLANG_CXX_LIBRARY = "libc++";
				CLANG_ENABLE_MODULES = YES;
				CLANG_ENABLE_OBJC_ARC = YES;
				CLANG_WARN_BOOL_CONVERSION = YES;
				CLANG_WARN_CONSTANT_CONVERSION = YES;
				CLANG_WARN_DIRECT_OBJC_ISA_USAGE = YES_ERROR;
				CLANG_WARN_EMPTY_BODY = YES;
				CLANG_WARN_ENUM_CONVERSION = YES;
				CLANG_WARN_INT_CONVERSION = YES;
				CLANG_WARN_OBJC_ROOT_CLASS = YES_ERROR;
				CLANG_WARN__DUPLICATE_METHOD_MATCH = YES;
				"CODE_SIGN_IDENTITY[sdk=iphoneos*]" = "iPhone Developer";
				COPY_PHASE_STRIP = NO;
				GCC_C_LANGUAGE_STANDARD = gnu99;
				GCC_DYNAMIC_NO_PIC = NO;
				GCC_OPTIMIZATION_LEVEL = 0;
				GCC_PREPROCESSOR_DEFINITIONS = (
					"DEBUG=1",
					"$(inherited)",
				);
				GCC_SYMBOLS_PRIVATE_EXTERN = NO;
				GCC_WARN_64_TO_32_BIT_CONVERSION = YES;
				GCC_WARN_ABOUT_RETURN_TYPE = YES_ERROR;
				GCC_WARN_UNDECLARED_SELECTOR = YES;
				GCC_WARN_UNINITIALIZED_AUTOS = YES;
				GCC_WARN_UNUSED_FUNCTION = YES;
				GCC_WARN_UNUSED_VARIABLE = YES;
				IPHONEOS_DEPLOYMENT_TARGET = 7.0;
				ONLY_ACTIVE_ARCH = YES;
				SDKROOT = iphoneos;
			};
			name = Debug;
		};
		41FC354018C5D29D009CF89A /* Release */ = {
			isa = XCBuildConfiguration;
			buildSettings = {
				ALWAYS_SEARCH_USER_PATHS = NO;
				CLANG_CXX_LANGUAGE_STANDARD = "gnu++0x";
				CLANG_CXX_LIBRARY = "libc++";
				CLANG_ENABLE_MODULES = YES;
				CLANG_ENABLE_OBJC_ARC = YES;
				CLANG_WARN_BOOL_CONVERSION = YES;
				CLANG_WARN_CONSTANT_CONVERSION = YES;
				CLANG_WARN_DIRECT_OBJC_ISA_USAGE = YES_ERROR;
				CLANG_WARN_EMPTY_BODY = YES;
				CLANG_WARN_ENUM_CONVERSION = YES;
				CLANG_WARN_INT_CONVERSION = YES;
				CLANG_WARN_OBJC_ROOT_CLASS = YES_ERROR;
				CLANG_WARN__DUPLICATE_METHOD_MATCH = YES;
				"CODE_SIGN_IDENTITY[sdk=iphoneos*]" = "iPhone Distribution: Welltime Ltd. (M7FD65CYM8)";
				COPY_PHASE_STRIP = YES;
				ENABLE_NS_ASSERTIONS = NO;
				GCC_C_LANGUAGE_STANDARD = gnu99;
				GCC_WARN_64_TO_32_BIT_CONVERSION = YES;
				GCC_WARN_ABOUT_RETURN_TYPE = YES_ERROR;
				GCC_WARN_UNDECLARED_SELECTOR = YES;
				GCC_WARN_UNINITIALIZED_AUTOS = YES;
				GCC_WARN_UNUSED_FUNCTION = YES;
				GCC_WARN_UNUSED_VARIABLE = YES;
				IPHONEOS_DEPLOYMENT_TARGET = 7.0;
				PROVISIONING_PROFILE = "F4F8EF50-3B69-43A3-919B-79E6C076BB0B";
				SDKROOT = iphoneos;
				VALIDATE_PRODUCT = YES;
			};
			name = Release;
		};
		41FC354218C5D29D009CF89A /* Debug */ = {
			isa = XCBuildConfiguration;
			baseConfigurationReference = 67E8421192A842C2A4881232 /* Pods.xcconfig */;
			buildSettings = {
				ASSETCATALOG_COMPILER_APPICON_NAME = AppIcon;
				ASSETCATALOG_COMPILER_LAUNCHIMAGE_NAME = LaunchImage;
				GCC_PRECOMPILE_PREFIX_HEADER = YES;
				GCC_PREFIX_HEADER = "CFast/CFast-Prefix.pch";
				INFOPLIST_FILE = "CFast/CFast-Info.plist";
				LIBRARY_SEARCH_PATHS = (
					"$(inherited)",
					"$(PROJECT_DIR)/TestFlightSDK3.0.0",
				);
				PRODUCT_NAME = "$(TARGET_NAME)";
				WRAPPER_EXTENSION = app;
			};
			name = Debug;
		};
		41FC354318C5D29D009CF89A /* Release */ = {
			isa = XCBuildConfiguration;
			baseConfigurationReference = 67E8421192A842C2A4881232 /* Pods.xcconfig */;
			buildSettings = {
				ASSETCATALOG_COMPILER_APPICON_NAME = AppIcon;
				ASSETCATALOG_COMPILER_LAUNCHIMAGE_NAME = LaunchImage;
				GCC_PRECOMPILE_PREFIX_HEADER = YES;
				GCC_PREFIX_HEADER = "CFast/CFast-Prefix.pch";
				INFOPLIST_FILE = "CFast/CFast-Info.plist";
				LIBRARY_SEARCH_PATHS = (
					"$(inherited)",
					"$(PROJECT_DIR)/TestFlightSDK3.0.0",
				);
				PRODUCT_NAME = "$(TARGET_NAME)";
				WRAPPER_EXTENSION = app;
			};
			name = Release;
		};
		41FC354518C5D29D009CF89A /* Debug */ = {
			isa = XCBuildConfiguration;
			buildSettings = {
				BUNDLE_LOADER = "$(BUILT_PRODUCTS_DIR)/CFast.app/CFast";
				FRAMEWORK_SEARCH_PATHS = (
					"$(SDKROOT)/Developer/Library/Frameworks",
					"$(inherited)",
					"$(DEVELOPER_FRAMEWORKS_DIR)",
				);
				GCC_PRECOMPILE_PREFIX_HEADER = YES;
				GCC_PREFIX_HEADER = "CFast/CFast-Prefix.pch";
				GCC_PREPROCESSOR_DEFINITIONS = (
					"DEBUG=1",
					"$(inherited)",
				);
				INFOPLIST_FILE = "CFastTests/CFastTests-Info.plist";
				PRODUCT_NAME = "$(TARGET_NAME)";
				TEST_HOST = "$(BUNDLE_LOADER)";
				WRAPPER_EXTENSION = xctest;
			};
			name = Debug;
		};
		41FC354618C5D29D009CF89A /* Release */ = {
			isa = XCBuildConfiguration;
			buildSettings = {
				BUNDLE_LOADER = "$(BUILT_PRODUCTS_DIR)/CFast.app/CFast";
				FRAMEWORK_SEARCH_PATHS = (
					"$(SDKROOT)/Developer/Library/Frameworks",
					"$(inherited)",
					"$(DEVELOPER_FRAMEWORKS_DIR)",
				);
				GCC_PRECOMPILE_PREFIX_HEADER = YES;
				GCC_PREFIX_HEADER = "CFast/CFast-Prefix.pch";
				INFOPLIST_FILE = "CFastTests/CFastTests-Info.plist";
				PRODUCT_NAME = "$(TARGET_NAME)";
				TEST_HOST = "$(BUNDLE_LOADER)";
				WRAPPER_EXTENSION = xctest;
			};
			name = Release;
		};
/* End XCBuildConfiguration section */

/* Begin XCConfigurationList section */
		41FC351018C5D29C009CF89A /* Build configuration list for PBXProject "CFast" */ = {
			isa = XCConfigurationList;
			buildConfigurations = (
				41FC353F18C5D29D009CF89A /* Debug */,
				41FC354018C5D29D009CF89A /* Release */,
				4133401018F28321000A9CA9 /* Distrubution */,
			);
			defaultConfigurationIsVisible = 0;
			defaultConfigurationName = Release;
		};
		41FC354118C5D29D009CF89A /* Build configuration list for PBXNativeTarget "CFast" */ = {
			isa = XCConfigurationList;
			buildConfigurations = (
				41FC354218C5D29D009CF89A /* Debug */,
				41FC354318C5D29D009CF89A /* Release */,
				4133401118F28321000A9CA9 /* Distrubution */,
			);
			defaultConfigurationIsVisible = 0;
			defaultConfigurationName = Release;
		};
		41FC354418C5D29D009CF89A /* Build configuration list for PBXNativeTarget "CFastTests" */ = {
			isa = XCConfigurationList;
			buildConfigurations = (
				41FC354518C5D29D009CF89A /* Debug */,
				41FC354618C5D29D009CF89A /* Release */,
				4133401218F28321000A9CA9 /* Distrubution */,
			);
			defaultConfigurationIsVisible = 0;
			defaultConfigurationName = Release;
		};
/* End XCConfigurationList section */
	};
	rootObject = 41FC350D18C5D29C009CF89A /* Project object */;
}
